
Microsoft Visual Studio Solution File, Format Version 12.00
# Visual Studio 14
VisualStudioVersion = 14.0.25420.1
MinimumVisualStudioVersion = 10.0.40219.1
Project("{2150E333-8FDC-42A3-9474-1A3956D46DE8}") = "Presentation", "Presentation", "{E25DAD08-66E4-4BE4-B9F7-F99CF935EF17}"
EndProject
Project("{2150E333-8FDC-42A3-9474-1A3956D46DE8}") = "Libraries", "Libraries", "{8B96FD7D-E545-4914-A917-6E838418660A}"
EndProject
Project("{2150E333-8FDC-42A3-9474-1A3956D46DE8}") = "Tests", "Tests", "{33D2C3F8-C1A2-4A92-9092-1CB6660962C7}"
EndProject
Project("{8BB2217D-0F2D-49D1-97BC-3654ED321F3B}") = "LmsGateway.Web", "Presentation\LmsGateway.Web\LmsGateway.Web.xproj", "{A779D562-3AE4-42AC-807F-9E5E08BC2C16}"
EndProject
Project("{8BB2217D-0F2D-49D1-97BC-3654ED321F3B}") = "LmsGateway.Core", "Libraries\LmsGateway.Core\LmsGateway.Core.xproj", "{627087D7-8A89-451F-ADCA-FAC67D649796}"
EndProject
Project("{8BB2217D-0F2D-49D1-97BC-3654ED321F3B}") = "LmsGateway.Domain", "Libraries\LmsGateway.Domain\LmsGateway.Domain.xproj", "{FCBC8F39-E354-4E71-A271-465EA021FD27}"
EndProject
Project("{8BB2217D-0F2D-49D1-97BC-3654ED321F3B}") = "LmsGateway.Data", "Libraries\LmsGateway.Data\LmsGateway.Data.xproj", "{449826A9-E24D-4A92-908D-B082F7595E8A}"
EndProject
Project("{8BB2217D-0F2D-49D1-97BC-3654ED321F3B}") = "LmsGateway.Web.Framework", "Presentation\LmsGateway.Web.Framework\LmsGateway.Web.Framework.xproj", "{472C6D92-B9C5-484F-BF26-47D0470CB0C2}"
EndProject
Project("{8BB2217D-0F2D-49D1-97BC-3654ED321F3B}") = "LmsGateway.Tests", "Tests\LmsGateway.Tests\LmsGateway.Tests.xproj", "{1CD3FC73-BB9B-43F5-9BA7-503B68B9F0F3}"
EndProject
Project("{8BB2217D-0F2D-49D1-97BC-3654ED321F3B}") = "LmsGateway.Data.Tests", "Tests\LmsGateway.Data.Tests\LmsGateway.Data.Tests.xproj", "{F5AA44FC-631D-4F3D-9F19-B1F4146E5A4F}"
EndProject
Project("{2150E333-8FDC-42A3-9474-1A3956D46DE8}") = "WebServices", "WebServices", "{77DCD8CC-22BF-4E9D-BE80-9F0C0769FC4E}"
EndProject
Project("{8BB2217D-0F2D-49D1-97BC-3654ED321F3B}") = "LmsGateway.API", "WebServices\LmsGateway.API\LmsGateway.API.xproj", "{63A39BC2-CEE5-49BC-BB7C-8E47D77C584F}"
EndProject
Project("{2150E333-8FDC-42A3-9474-1A3956D46DE8}") = "Solution Items", "Solution Items", "{B1719A15-1E60-46CF-B1A3-0A025651079B}"
	ProjectSection(SolutionItems) = preProject
		global.json = global.json
	EndProjectSection
EndProject
Global
	GlobalSection(SolutionConfigurationPlatforms) = preSolution
		Debug|Any CPU = Debug|Any CPU
		Release|Any CPU = Release|Any CPU
	EndGlobalSection
	GlobalSection(ProjectConfigurationPlatforms) = postSolution
		{A779D562-3AE4-42AC-807F-9E5E08BC2C16}.Debug|Any CPU.ActiveCfg = Debug|Any CPU
		{A779D562-3AE4-42AC-807F-9E5E08BC2C16}.Debug|Any CPU.Build.0 = Debug|Any CPU
		{A779D562-3AE4-42AC-807F-9E5E08BC2C16}.Release|Any CPU.ActiveCfg = Release|Any CPU
		{A779D562-3AE4-42AC-807F-9E5E08BC2C16}.Release|Any CPU.Build.0 = Release|Any CPU
		{627087D7-8A89-451F-ADCA-FAC67D649796}.Debug|Any CPU.ActiveCfg = Debug|Any CPU
		{627087D7-8A89-451F-ADCA-FAC67D649796}.Debug|Any CPU.Build.0 = Debug|Any CPU
		{627087D7-8A89-451F-ADCA-FAC67D649796}.Release|Any CPU.ActiveCfg = Release|Any CPU
		{627087D7-8A89-451F-ADCA-FAC67D649796}.Release|Any CPU.Build.0 = Release|Any CPU
		{FCBC8F39-E354-4E71-A271-465EA021FD27}.Debug|Any CPU.ActiveCfg = Debug|Any CPU
		{FCBC8F39-E354-4E71-A271-465EA021FD27}.Debug|Any CPU.Build.0 = Debug|Any CPU
		{FCBC8F39-E354-4E71-A271-465EA021FD27}.Release|Any CPU.ActiveCfg = Release|Any CPU
		{FCBC8F39-E354-4E71-A271-465EA021FD27}.Release|Any CPU.Build.0 = Release|Any CPU
		{449826A9-E24D-4A92-908D-B082F7595E8A}.Debug|Any CPU.ActiveCfg = Debug|Any CPU
		{449826A9-E24D-4A92-908D-B082F7595E8A}.Debug|Any CPU.Build.0 = Debug|Any CPU
		{449826A9-E24D-4A92-908D-B082F7595E8A}.Release|Any CPU.ActiveCfg = Release|Any CPU
		{449826A9-E24D-4A92-908D-B082F7595E8A}.Release|Any CPU.Build.0 = Release|Any CPU
		{472C6D92-B9C5-484F-BF26-47D0470CB0C2}.Debug|Any CPU.ActiveCfg = Debug|Any CPU
		{472C6D92-B9C5-484F-BF26-47D0470CB0C2}.Debug|Any CPU.Build.0 = Debug|Any CPU
		{472C6D92-B9C5-484F-BF26-47D0470CB0C2}.Release|Any CPU.ActiveCfg = Release|Any CPU
		{472C6D92-B9C5-484F-BF26-47D0470CB0C2}.Release|Any CPU.Build.0 = Release|Any CPU
		{1CD3FC73-BB9B-43F5-9BA7-503B68B9F0F3}.Debug|Any CPU.ActiveCfg = Debug|Any CPU
		{1CD3FC73-BB9B-43F5-9BA7-503B68B9F0F3}.Debug|Any CPU.Build.0 = Debug|Any CPU
		{1CD3FC73-BB9B-43F5-9BA7-503B68B9F0F3}.Release|Any CPU.ActiveCfg = Release|Any CPU
		{1CD3FC73-BB9B-43F5-9BA7-503B68B9F0F3}.Release|Any CPU.Build.0 = Release|Any CPU
		{F5AA44FC-631D-4F3D-9F19-B1F4146E5A4F}.Debug|Any CPU.ActiveCfg = Debug|Any CPU
		{F5AA44FC-631D-4F3D-9F19-B1F4146E5A4F}.Debug|Any CPU.Build.0 = Debug|Any CPU
		{F5AA44FC-631D-4F3D-9F19-B1F4146E5A4F}.Release|Any CPU.ActiveCfg = Release|Any CPU
		{F5AA44FC-631D-4F3D-9F19-B1F4146E5A4F}.Release|Any CPU.Build.0 = Release|Any CPU
		{63A39BC2-CEE5-49BC-BB7C-8E47D77C584F}.Debug|Any CPU.ActiveCfg = Debug|Any CPU
		{63A39BC2-CEE5-49BC-BB7C-8E47D77C584F}.Debug|Any CPU.Build.0 = Debug|Any CPU
		{63A39BC2-CEE5-49BC-BB7C-8E47D77C584F}.Release|Any CPU.ActiveCfg = Release|Any CPU
		{63A39BC2-CEE5-49BC-BB7C-8E47D77C584F}.Release|Any CPU.Build.0 = Release|Any CPU
	EndGlobalSection
	GlobalSection(SolutionProperties) = preSolution
		HideSolutionNode = FALSE
	EndGlobalSection
	GlobalSection(NestedProjects) = preSolution
		{A779D562-3AE4-42AC-807F-9E5E08BC2C16} = {E25DAD08-66E4-4BE4-B9F7-F99CF935EF17}
		{627087D7-8A89-451F-ADCA-FAC67D649796} = {8B96FD7D-E545-4914-A917-6E838418660A}
		{FCBC8F39-E354-4E71-A271-465EA021FD27} = {8B96FD7D-E545-4914-A917-6E838418660A}
		{449826A9-E24D-4A92-908D-B082F7595E8A} = {8B96FD7D-E545-4914-A917-6E838418660A}
		{472C6D92-B9C5-484F-BF26-47D0470CB0C2} = {E25DAD08-66E4-4BE4-B9F7-F99CF935EF17}
		{1CD3FC73-BB9B-43F5-9BA7-503B68B9F0F3} = {33D2C3F8-C1A2-4A92-9092-1CB6660962C7}
		{F5AA44FC-631D-4F3D-9F19-B1F4146E5A4F} = {33D2C3F8-C1A2-4A92-9092-1CB6660962C7}
		{63A39BC2-CEE5-49BC-BB7C-8E47D77C584F} = {77DCD8CC-22BF-4E9D-BE80-9F0C0769FC4E}
	EndGlobalSection
EndGlobal
